<?xml version="1.0" encoding="utf-8"?>
<Project ToolsVersion="4.0" xmlns="http://schemas.microsoft.com/developer/msbuild/2003">
  <ItemGroup>
    <Filter Include="Source Files">
      <UniqueIdentifier>{4FC737F1-C7A5-4376-A066-2A32D752A2FF}</UniqueIdentifier>
      <Extensions>cpp;c;cc;cxx;def;odl;idl;hpj;bat;asm;asmx</Extensions>
    </Filter>
    <Filter Include="Header Files">
      <UniqueIdentifier>{93995380-89BD-4b04-88EB-625FBE52EBFB}</UniqueIdentifier>
      <Extensions>h;hh;hpp;hxx;hm;inl;inc;xsd</Extensions>
    </Filter>
    <Filter Include="Resource Files">
      <UniqueIdentifier>{67DA6AB6-F800-4c08-8B7A-83BB121AAD01}</UniqueIdentifier>
      <Extensions>rc;ico;cur;bmp;dlg;rc2;rct;bin;rgs;gif;jpg;jpeg;jpe;resx;tiff;tif;png;wav;mfcribbon-ms</Extensions>
    </Filter>
    <Filter Include="Components">
      <UniqueIdentifier>{0c4e34e8-339d-4889-b7d9-90998868be05}</UniqueIdentifier>
    </Filter>
    <Filter Include="imgui">
      <UniqueIdentifier>{a0810fa6-cff7-48ab-8e4b-4e99f3c63491}</UniqueIdentifier>
    </Filter>
    <Filter Include="Steam">
      <UniqueIdentifier>{d6427e2e-6ede-480a-aa64-63108141ca7f}</UniqueIdentifier>
    </Filter>
    <Filter Include="Sound">
      <UniqueIdentifier>{1c354b49-641d-4907-9adc-8a6b22fa0e69}</UniqueIdentifier>
    </Filter>
    <Filter Include="Component Class">
      <UniqueIdentifier>{f5c69a3e-42fb-4c05-991e-58b976da5fe8}</UniqueIdentifier>
    </Filter>
    <Filter Include="Managers">
      <UniqueIdentifier>{a622a317-922f-4549-a97c-108f6e220189}</UniqueIdentifier>
    </Filter>
    <Filter Include="Base">
      <UniqueIdentifier>{5f679517-a718-4352-8221-9b9f7f645bed}</UniqueIdentifier>
    </Filter>
    <Filter Include="HelperClass">
      <UniqueIdentifier>{a2830a0f-24e2-4c2f-aa2b-bf80ad4c3fb9}</UniqueIdentifier>
    </Filter>
    <Filter Include="GameScene">
      <UniqueIdentifier>{23936d03-787e-4eb5-897a-2c5c90b88a6c}</UniqueIdentifier>
    </Filter>
  </ItemGroup>
  <ItemGroup>
    <ClInclude Include="..\3rdParty\imgui-1.86\imconfig.h">
      <Filter>imgui</Filter>
    </ClInclude>
    <ClInclude Include="..\3rdParty\imgui-1.86\imgui.h">
      <Filter>imgui</Filter>
    </ClInclude>
    <ClInclude Include="..\3rdParty\imgui-1.86\imgui_impl_opengl2.h">
      <Filter>imgui</Filter>
    </ClInclude>
    <ClInclude Include="..\3rdParty\imgui-1.86\imgui_impl_sdl.h">
      <Filter>imgui</Filter>
    </ClInclude>
    <ClInclude Include="..\3rdParty\imgui-1.86\imgui_internal.h">
      <Filter>imgui</Filter>
    </ClInclude>
    <ClInclude Include="..\3rdParty\imgui-1.86\imstb_rectpack.h">
      <Filter>imgui</Filter>
    </ClInclude>
    <ClInclude Include="..\3rdParty\imgui-1.86\imstb_textedit.h">
      <Filter>imgui</Filter>
    </ClInclude>
    <ClInclude Include="..\3rdParty\imgui-1.86\imstb_truetype.h">
      <Filter>imgui</Filter>
    </ClInclude>
    <ClInclude Include="..\3rdParty\imgui-1.86\imgui_plot.h">
      <Filter>imgui</Filter>
    </ClInclude>
    <ClInclude Include="Components\BaseComponent.h">
      <Filter>Component Class</Filter>
    </ClInclude>
    <ClInclude Include="Components\BulletComponent.h">
      <Filter>Component Class</Filter>
    </ClInclude>
    <ClInclude Include="Components\BurgerComponent.h">
      <Filter>Component Class</Filter>
    </ClInclude>
    <ClInclude Include="Components\ButtonComponent.h">
      <Filter>Component Class</Filter>
    </ClInclude>
    <ClInclude Include="Components\EnemyComponent.h">
      <Filter>Component Class</Filter>
    </ClInclude>
    <ClInclude Include="Components\FPScomponent.h">
      <Filter>Component Class</Filter>
    </ClInclude>
    <ClInclude Include="Components\LevelComponent.h">
      <Filter>Component Class</Filter>
    </ClInclude>
    <ClInclude Include="Components\LivesCounterComponent.h">
      <Filter>Component Class</Filter>
    </ClInclude>
    <ClInclude Include="Components\PepperComponent.h">
      <Filter>Component Class</Filter>
    </ClInclude>
    <ClInclude Include="Components\PlayerComponent.h">
      <Filter>Component Class</Filter>
    </ClInclude>
    <ClInclude Include="Components\RenderComponent.h">
      <Filter>Component Class</Filter>
    </ClInclude>
    <ClInclude Include="Components\ScoreComponent.h">
      <Filter>Component Class</Filter>
    </ClInclude>
    <ClInclude Include="Components\TextComponent.h">
      <Filter>Component Class</Filter>
    </ClInclude>
    <ClInclude Include="Components\TextureComponen.h">
      <Filter>Component Class</Filter>
    </ClInclude>
    <ClInclude Include="Components\TransformComponent.h">
      <Filter>Component Class</Filter>
    </ClInclude>
    <ClInclude Include="Managers\ButtonManager.h">
      <Filter>Managers</Filter>
    </ClInclude>
    <ClInclude Include="Managers\InputManager.h">
      <Filter>Managers</Filter>
    </ClInclude>
    <ClInclude Include="Managers\ResourceManager.h">
      <Filter>Managers</Filter>
    </ClInclude>
    <ClInclude Include="Managers\SceneManager.h">
      <Filter>Managers</Filter>
    </ClInclude>
    <ClInclude Include="Utils\SoundManager.h">
      <Filter>Managers</Filter>
    </ClInclude>
    <ClInclude Include="Base\Command.h">
      <Filter>Base</Filter>
    </ClInclude>
    <ClInclude Include="Minigin.h">
      <Filter>Base</Filter>
    </ClInclude>
    <ClInclude Include="MiniginPCH.h">
      <Filter>Base</Filter>
    </ClInclude>
    <ClInclude Include="Base\Observer.h">
      <Filter>Base</Filter>
    </ClInclude>
    <ClInclude Include="Graphics\Renderer.h">
      <Filter>Base</Filter>
    </ClInclude>
    <ClInclude Include="Utils\SServiceLocator.h">
      <Filter>Base</Filter>
    </ClInclude>
    <ClInclude Include="Graphics\Texture2D.h">
      <Filter>Base</Filter>
    </ClInclude>
    <ClInclude Include="Base\Font.h">
      <Filter>HelperClass</Filter>
    </ClInclude>
    <ClInclude Include="Utils\structs.h">
      <Filter>HelperClass</Filter>
    </ClInclude>
    <ClInclude Include="Utils\SVGParser.h">
      <Filter>HelperClass</Filter>
    </ClInclude>
    <ClInclude Include="Utils\Transform.h">
      <Filter>HelperClass</Filter>
    </ClInclude>
    <ClInclude Include="Utils\utils.h">
      <Filter>HelperClass</Filter>
    </ClInclude>
    <ClInclude Include="Utils\Vector2f.h">
      <Filter>HelperClass</Filter>
    </ClInclude>
    <ClInclude Include="Scenegraph\GameObject.h">
      <Filter>GameScene</Filter>
    </ClInclude>
    <ClInclude Include="Scenegraph\GameScene.h">
      <Filter>GameScene</Filter>
    </ClInclude>
    <ClInclude Include="Scenegraph\Scene.h">
      <Filter>GameScene</Filter>
    </ClInclude>
    <ClInclude Include="Utils\NullSoundSystem.h">
      <Filter>Sound</Filter>
    </ClInclude>
    <ClInclude Include="Utils\sdl_sound_system.h">
      <Filter>Sound</Filter>
    </ClInclude>
    <ClInclude Include="Utils\Sound_System.h">
      <Filter>Sound</Filter>
    </ClInclude>
    <ClInclude Include="Utils\SoundEffect.h">
      <Filter>Sound</Filter>
    </ClInclude>
    <ClInclude Include="Utils\SoundStream.h">
      <Filter>Sound</Filter>
    </ClInclude>
    <ClInclude Include="Components\Achievements.h">
      <Filter>Steam</Filter>
    </ClInclude>
    <ClInclude Include="Utils\Singleton.h">
      <Filter>Base</Filter>
    </ClInclude>
    <ClInclude Include="Base\SceneObject.h">
      <Filter>HelperClass</Filter>
    </ClInclude>
    <ClInclude Include="Scenegraph\SceneObject.h">
      <Filter>HelperClass</Filter>
    </ClInclude>
  </ItemGroup>
  <ItemGroup>
    <ClCompile Include="..\3rdParty\imgui-1.86\imgui.cpp">
      <Filter>imgui</Filter>
    </ClCompile>
    <ClCompile Include="..\3rdParty\imgui-1.86\imgui_demo.cpp">
      <Filter>imgui</Filter>
    </ClCompile>
    <ClCompile Include="..\3rdParty\imgui-1.86\imgui_draw.cpp">
      <Filter>imgui</Filter>
    </ClCompile>
    <ClCompile Include="..\3rdParty\imgui-1.86\imgui_impl_opengl2.cpp">
      <Filter>imgui</Filter>
    </ClCompile>
    <ClCompile Include="..\3rdParty\imgui-1.86\imgui_impl_sdl.cpp">
      <Filter>imgui</Filter>
    </ClCompile>
    <ClCompile Include="..\3rdParty\imgui-1.86\imgui_tables.cpp">
      <Filter>imgui</Filter>
    </ClCompile>
    <ClCompile Include="..\3rdParty\imgui-1.86\imgui_widgets.cpp">
      <Filter>imgui</Filter>
    </ClCompile>
    <ClCompile Include="..\3rdParty\imgui-1.86\imgui_plot.cpp">
      <Filter>imgui</Filter>
    </ClCompile>
    <ClCompile Include="Components\BaseComponent.cpp">
      <Filter>Component Class</Filter>
    </ClCompile>
    <ClCompile Include="Components\BulletComponent.cpp">
      <Filter>Component Class</Filter>
    </ClCompile>
    <ClCompile Include="Components\BurgerComponent.cpp">
      <Filter>Component Class</Filter>
    </ClCompile>
    <ClCompile Include="Components\ButtonComponent.cpp">
      <Filter>Component Class</Filter>
    </ClCompile>
    <ClCompile Include="Components\EnemyComponent.cpp">
      <Filter>Component Class</Filter>
    </ClCompile>
    <ClCompile Include="Components\FPScomponent.cpp">
      <Filter>Component Class</Filter>
    </ClCompile>
    <ClCompile Include="Components\LevelComponent.cpp">
      <Filter>Component Class</Filter>
    </ClCompile>
    <ClCompile Include="Components\LivesCounterComponent.cpp">
      <Filter>Component Class</Filter>
    </ClCompile>
    <ClCompile Include="Components\PepperComponent.cpp">
      <Filter>Component Class</Filter>
    </ClCompile>
    <ClCompile Include="Components\PlayerComponent.cpp">
      <Filter>Component Class</Filter>
    </ClCompile>
    <ClCompile Include="Components\RenderComponent.cpp">
      <Filter>Component Class</Filter>
    </ClCompile>
    <ClCompile Include="Components\ScoreComponent.cpp">
      <Filter>Component Class</Filter>
    </ClCompile>
    <ClCompile Include="Components\TextComponent.cpp">
      <Filter>Component Class</Filter>
    </ClCompile>
    <ClCompile Include="Components\TextureComponent.cpp">
      <Filter>Component Class</Filter>
    </ClCompile>
    <ClCompile Include="Components\TransformComponent.cpp">
      <Filter>Component Class</Filter>
    </ClCompile>
    <ClCompile Include="Managers\ButtonManager.cpp">
      <Filter>Managers</Filter>
    </ClCompile>
    <ClCompile Include="Managers\InputManager.cpp">
      <Filter>Managers</Filter>
    </ClCompile>
    <ClCompile Include="Managers\SceneManager.cpp">
      <Filter>Managers</Filter>
    </ClCompile>
    <ClCompile Include="Managers\ResourceManager.cpp">
      <Filter>Managers</Filter>
    </ClCompile>
    <ClCompile Include="Utils\SoundManager.cpp">
      <Filter>Managers</Filter>
    </ClCompile>
    <ClCompile Include="Minigin.cpp">
      <Filter>Base</Filter>
    </ClCompile>
    <ClCompile Include="MiniginPCH.cpp">
      <Filter>Base</Filter>
    </ClCompile>
    <ClCompile Include="Base\Observer.cpp">
      <Filter>Base</Filter>
    </ClCompile>
    <ClCompile Include="Graphics\Renderer.cpp">
      <Filter>Base</Filter>
    </ClCompile>
    <ClCompile Include="Utils\SServiceLocator.cpp">
      <Filter>Base</Filter>
    </ClCompile>
    <ClCompile Include="Base\Font.cpp">
      <Filter>HelperClass</Filter>
    </ClCompile>
    <ClCompile Include="Utils\structs.cpp">
      <Filter>HelperClass</Filter>
    </ClCompile>
    <ClCompile Include="Utils\SVGParser.cpp">
      <Filter>HelperClass</Filter>
    </ClCompile>
    <ClCompile Include="Utils\utils.cpp">
      <Filter>HelperClass</Filter>
    </ClCompile>
    <ClCompile Include="Utils\Vector2f.cpp">
      <Filter>HelperClass</Filter>
    </ClCompile>
    <ClCompile Include="Base\Command.cpp">
      <Filter>Base</Filter>
    </ClCompile>
    <ClCompile Include="Components\Achievements.cpp">
      <Filter>Steam</Filter>
    </ClCompile>
    <ClCompile Include="Scenegraph\GameObject.cpp">
      <Filter>GameScene</Filter>
    </ClCompile>
    <ClCompile Include="Scenegraph\GameScene.cpp">
      <Filter>GameScene</Filter>
    </ClCompile>
    <ClCompile Include="Scenegraph\Scene.cpp">
      <Filter>GameScene</Filter>
    </ClCompile>
    <ClCompile Include="Utils\NullSoundSystem.cpp">
      <Filter>Sound</Filter>
    </ClCompile>
    <ClCompile Include="Utils\sdl_sound_system.cpp">
      <Filter>Sound</Filter>
    </ClCompile>
    <ClCompile Include="Utils\Sound_System.cpp">
      <Filter>Sound</Filter>
    </ClCompile>
    <ClCompile Include="Utils\SoundEffect.cpp">
      <Filter>Sound</Filter>
    </ClCompile>
    <ClCompile Include="Utils\SoundStream.cpp">
      <Filter>Sound</Filter>
    </ClCompile>
    <ClCompile Include="Graphics\Texture2D.cpp">
      <Filter>Base</Filter>
    </ClCompile>
    <ClCompile Include="Utils\Transform.cpp">
      <Filter>HelperClass</Filter>
    </ClCompile>
  </ItemGroup>
</Project>